
Microsoft Visual Studio Solution File, Format Version 12.00
# Visual Studio 15
VisualStudioVersion = 15.0.27428.2037
MinimumVisualStudioVersion = 10.0.40219.1
Project("{9A19103F-16F7-4668-BE54-9A1E7A4F7556}") = "vJMPS", "vJMPS\vJMPS\vJMPS.csproj", "{1A8051C2-0F31-42CB-B5C4-51A5C0D1127E}"
EndProject
Project("{FAE04EC0-301F-11D3-BF4B-00C04F79EFBC}") = "vJMPSTests", "vJMPSTests\vJMPSTests.csproj", "{26BE2F8E-CDE6-48C8-BFE9-2F8D765BEE6D}"
EndProject
Project("{9A19103F-16F7-4668-BE54-9A1E7A4F7556}") = "F5E3", "F5E3\F5E3.csproj", "{6FAFEE7D-E86A-4B46-8E4A-1DA2874935D8}"
EndProject
Project("{FAE04EC0-301F-11D3-BF4B-00C04F79EFBC}") = "vJMPS.UWP", "vJMPS\vJMPS.UWP\vJMPS.UWP.csproj", "{10D2CE83-C1F0-408C-9405-6015BFFBA077}"
EndProject
Global
	GlobalSection(SolutionConfigurationPlatforms) = preSolution
		Ad-Hoc|Any CPU = Ad-Hoc|Any CPU
		Ad-Hoc|ARM = Ad-Hoc|ARM
		Ad-Hoc|iPhone = Ad-Hoc|iPhone
		Ad-Hoc|iPhoneSimulator = Ad-Hoc|iPhoneSimulator
		Ad-Hoc|x64 = Ad-Hoc|x64
		Ad-Hoc|x86 = Ad-Hoc|x86
		AppStore|Any CPU = AppStore|Any CPU
		AppStore|ARM = AppStore|ARM
		AppStore|iPhone = AppStore|iPhone
		AppStore|iPhoneSimulator = AppStore|iPhoneSimulator
		AppStore|x64 = AppStore|x64
		AppStore|x86 = AppStore|x86
		Debug|Any CPU = Debug|Any CPU
		Debug|ARM = Debug|ARM
		Debug|iPhone = Debug|iPhone
		Debug|iPhoneSimulator = Debug|iPhoneSimulator
		Debug|x64 = Debug|x64
		Debug|x86 = Debug|x86
		Release|Any CPU = Release|Any CPU
		Release|ARM = Release|ARM
		Release|iPhone = Release|iPhone
		Release|iPhoneSimulator = Release|iPhoneSimulator
		Release|x64 = Release|x64
		Release|x86 = Release|x86
	EndGlobalSection
	GlobalSection(ProjectConfigurationPlatforms) = postSolution
		{1A8051C2-0F31-42CB-B5C4-51A5C0D1127E}.Ad-Hoc|Any CPU.ActiveCfg = Debug|Any CPU
		{1A8051C2-0F31-42CB-B5C4-51A5C0D1127E}.Ad-Hoc|Any CPU.Build.0 = Debug|Any CPU
		{1A8051C2-0F31-42CB-B5C4-51A5C0D1127E}.Ad-Hoc|ARM.ActiveCfg = Debug|Any CPU
		{1A8051C2-0F31-42CB-B5C4-51A5C0D1127E}.Ad-Hoc|ARM.Build.0 = Debug|Any CPU
		{1A8051C2-0F31-42CB-B5C4-51A5C0D1127E}.Ad-Hoc|iPhone.ActiveCfg = Debug|Any CPU
		{1A8051C2-0F31-42CB-B5C4-51A5C0D1127E}.Ad-Hoc|iPhone.Build.0 = Debug|Any CPU
		{1A8051C2-0F31-42CB-B5C4-51A5C0D1127E}.Ad-Hoc|iPhoneSimulator.ActiveCfg = Debug|Any CPU
		{1A8051C2-0F31-42CB-B5C4-51A5C0D1127E}.Ad-Hoc|iPhoneSimulator.Build.0 = Debug|Any CPU
		{1A8051C2-0F31-42CB-B5C4-51A5C0D1127E}.Ad-Hoc|x64.ActiveCfg = Debug|Any CPU
		{1A8051C2-0F31-42CB-B5C4-51A5C0D1127E}.Ad-Hoc|x64.Build.0 = Debug|Any CPU
		{1A8051C2-0F31-42CB-B5C4-51A5C0D1127E}.Ad-Hoc|x86.ActiveCfg = Debug|Any CPU
		{1A8051C2-0F31-42CB-B5C4-51A5C0D1127E}.Ad-Hoc|x86.Build.0 = Debug|Any CPU
		{1A8051C2-0F31-42CB-B5C4-51A5C0D1127E}.AppStore|Any CPU.ActiveCfg = Debug|Any CPU
		{1A8051C2-0F31-42CB-B5C4-51A5C0D1127E}.AppStore|Any CPU.Build.0 = Debug|Any CPU
		{1A8051C2-0F31-42CB-B5C4-51A5C0D1127E}.AppStore|ARM.ActiveCfg = Debug|Any CPU
		{1A8051C2-0F31-42CB-B5C4-51A5C0D1127E}.AppStore|ARM.Build.0 = Debug|Any CPU
		{1A8051C2-0F31-42CB-B5C4-51A5C0D1127E}.AppStore|iPhone.ActiveCfg = Debug|Any CPU
		{1A8051C2-0F31-42CB-B5C4-51A5C0D1127E}.AppStore|iPhone.Build.0 = Debug|Any CPU
		{1A8051C2-0F31-42CB-B5C4-51A5C0D1127E}.AppStore|iPhoneSimulator.ActiveCfg = Debug|Any CPU
		{1A8051C2-0F31-42CB-B5C4-51A5C0D1127E}.AppStore|iPhoneSimulator.Build.0 = Debug|Any CPU
		{1A8051C2-0F31-42CB-B5C4-51A5C0D1127E}.AppStore|x64.ActiveCfg = Debug|Any CPU
		{1A8051C2-0F31-42CB-B5C4-51A5C0D1127E}.AppStore|x64.Build.0 = Debug|Any CPU
		{1A8051C2-0F31-42CB-B5C4-51A5C0D1127E}.AppStore|x86.ActiveCfg = Debug|Any CPU
		{1A8051C2-0F31-42CB-B5C4-51A5C0D1127E}.AppStore|x86.Build.0 = Debug|Any CPU
		{1A8051C2-0F31-42CB-B5C4-51A5C0D1127E}.Debug|Any CPU.ActiveCfg = Debug|Any CPU
		{1A8051C2-0F31-42CB-B5C4-51A5C0D1127E}.Debug|Any CPU.Build.0 = Debug|Any CPU
		{1A8051C2-0F31-42CB-B5C4-51A5C0D1127E}.Debug|ARM.ActiveCfg = Debug|Any CPU
		{1A8051C2-0F31-42CB-B5C4-51A5C0D1127E}.Debug|ARM.Build.0 = Debug|Any CPU
		{1A8051C2-0F31-42CB-B5C4-51A5C0D1127E}.Debug|iPhone.ActiveCfg = Debug|Any CPU
		{1A8051C2-0F31-42CB-B5C4-51A5C0D1127E}.Debug|iPhone.Build.0 = Debug|Any CPU
		{1A8051C2-0F31-42CB-B5C4-51A5C0D1127E}.Debug|iPhoneSimulator.ActiveCfg = Debug|Any CPU
		{1A8051C2-0F31-42CB-B5C4-51A5C0D1127E}.Debug|iPhoneSimulator.Build.0 = Debug|Any CPU
		{1A8051C2-0F31-42CB-B5C4-51A5C0D1127E}.Debug|x64.ActiveCfg = Debug|Any CPU
		{1A8051C2-0F31-42CB-B5C4-51A5C0D1127E}.Debug|x64.Build.0 = Debug|Any CPU
		{1A8051C2-0F31-42CB-B5C4-51A5C0D1127E}.Debug|x86.ActiveCfg = Debug|Any CPU
		{1A8051C2-0F31-42CB-B5C4-51A5C0D1127E}.Debug|x86.Build.0 = Debug|Any CPU
		{1A8051C2-0F31-42CB-B5C4-51A5C0D1127E}.Release|Any CPU.ActiveCfg = Release|Any CPU
		{1A8051C2-0F31-42CB-B5C4-51A5C0D1127E}.Release|Any CPU.Build.0 = Release|Any CPU
		{1A8051C2-0F31-42CB-B5C4-51A5C0D1127E}.Release|ARM.ActiveCfg = Release|Any CPU
		{1A8051C2-0F31-42CB-B5C4-51A5C0D1127E}.Release|ARM.Build.0 = Release|Any CPU
		{1A8051C2-0F31-42CB-B5C4-51A5C0D1127E}.Release|iPhone.ActiveCfg = Release|Any CPU
		{1A8051C2-0F31-42CB-B5C4-51A5C0D1127E}.Release|iPhone.Build.0 = Release|Any CPU
		{1A8051C2-0F31-42CB-B5C4-51A5C0D1127E}.Release|iPhoneSimulator.ActiveCfg = Release|Any CPU
		{1A8051C2-0F31-42CB-B5C4-51A5C0D1127E}.Release|iPhoneSimulator.Build.0 = Release|Any CPU
		{1A8051C2-0F31-42CB-B5C4-51A5C0D1127E}.Release|x64.ActiveCfg = Release|Any CPU
		{1A8051C2-0F31-42CB-B5C4-51A5C0D1127E}.Release|x64.Build.0 = Release|Any CPU
		{1A8051C2-0F31-42CB-B5C4-51A5C0D1127E}.Release|x86.ActiveCfg = Release|Any CPU
		{1A8051C2-0F31-42CB-B5C4-51A5C0D1127E}.Release|x86.Build.0 = Release|Any CPU
		{26BE2F8E-CDE6-48C8-BFE9-2F8D765BEE6D}.Ad-Hoc|Any CPU.ActiveCfg = Release|Any CPU
		{26BE2F8E-CDE6-48C8-BFE9-2F8D765BEE6D}.Ad-Hoc|Any CPU.Build.0 = Release|Any CPU
		{26BE2F8E-CDE6-48C8-BFE9-2F8D765BEE6D}.Ad-Hoc|ARM.ActiveCfg = Release|Any CPU
		{26BE2F8E-CDE6-48C8-BFE9-2F8D765BEE6D}.Ad-Hoc|ARM.Build.0 = Release|Any CPU
		{26BE2F8E-CDE6-48C8-BFE9-2F8D765BEE6D}.Ad-Hoc|iPhone.ActiveCfg = Release|Any CPU
		{26BE2F8E-CDE6-48C8-BFE9-2F8D765BEE6D}.Ad-Hoc|iPhone.Build.0 = Release|Any CPU
		{26BE2F8E-CDE6-48C8-BFE9-2F8D765BEE6D}.Ad-Hoc|iPhoneSimulator.ActiveCfg = Release|Any CPU
		{26BE2F8E-CDE6-48C8-BFE9-2F8D765BEE6D}.Ad-Hoc|iPhoneSimulator.Build.0 = Release|Any CPU
		{26BE2F8E-CDE6-48C8-BFE9-2F8D765BEE6D}.Ad-Hoc|x64.ActiveCfg = Release|Any CPU
		{26BE2F8E-CDE6-48C8-BFE9-2F8D765BEE6D}.Ad-Hoc|x64.Build.0 = Release|Any CPU
		{26BE2F8E-CDE6-48C8-BFE9-2F8D765BEE6D}.Ad-Hoc|x86.ActiveCfg = Release|Any CPU
		{26BE2F8E-CDE6-48C8-BFE9-2F8D765BEE6D}.Ad-Hoc|x86.Build.0 = Release|Any CPU
		{26BE2F8E-CDE6-48C8-BFE9-2F8D765BEE6D}.AppStore|Any CPU.ActiveCfg = Release|Any CPU
		{26BE2F8E-CDE6-48C8-BFE9-2F8D765BEE6D}.AppStore|Any CPU.Build.0 = Release|Any CPU
		{26BE2F8E-CDE6-48C8-BFE9-2F8D765BEE6D}.AppStore|ARM.ActiveCfg = Release|Any CPU
		{26BE2F8E-CDE6-48C8-BFE9-2F8D765BEE6D}.AppStore|ARM.Build.0 = Release|Any CPU
		{26BE2F8E-CDE6-48C8-BFE9-2F8D765BEE6D}.AppStore|iPhone.ActiveCfg = Release|Any CPU
		{26BE2F8E-CDE6-48C8-BFE9-2F8D765BEE6D}.AppStore|iPhone.Build.0 = Release|Any CPU
		{26BE2F8E-CDE6-48C8-BFE9-2F8D765BEE6D}.AppStore|iPhoneSimulator.ActiveCfg = Release|Any CPU
		{26BE2F8E-CDE6-48C8-BFE9-2F8D765BEE6D}.AppStore|iPhoneSimulator.Build.0 = Release|Any CPU
		{26BE2F8E-CDE6-48C8-BFE9-2F8D765BEE6D}.AppStore|x64.ActiveCfg = Release|Any CPU
		{26BE2F8E-CDE6-48C8-BFE9-2F8D765BEE6D}.AppStore|x64.Build.0 = Release|Any CPU
		{26BE2F8E-CDE6-48C8-BFE9-2F8D765BEE6D}.AppStore|x86.ActiveCfg = Release|Any CPU
		{26BE2F8E-CDE6-48C8-BFE9-2F8D765BEE6D}.AppStore|x86.Build.0 = Release|Any CPU
		{26BE2F8E-CDE6-48C8-BFE9-2F8D765BEE6D}.Debug|Any CPU.ActiveCfg = Debug|Any CPU
		{26BE2F8E-CDE6-48C8-BFE9-2F8D765BEE6D}.Debug|Any CPU.Build.0 = Debug|Any CPU
		{26BE2F8E-CDE6-48C8-BFE9-2F8D765BEE6D}.Debug|ARM.ActiveCfg = Debug|Any CPU
		{26BE2F8E-CDE6-48C8-BFE9-2F8D765BEE6D}.Debug|ARM.Build.0 = Debug|Any CPU
		{26BE2F8E-CDE6-48C8-BFE9-2F8D765BEE6D}.Debug|iPhone.ActiveCfg = Debug|Any CPU
		{26BE2F8E-CDE6-48C8-BFE9-2F8D765BEE6D}.Debug|iPhone.Build.0 = Debug|Any CPU
		{26BE2F8E-CDE6-48C8-BFE9-2F8D765BEE6D}.Debug|iPhoneSimulator.ActiveCfg = Debug|Any CPU
		{26BE2F8E-CDE6-48C8-BFE9-2F8D765BEE6D}.Debug|iPhoneSimulator.Build.0 = Debug|Any CPU
		{26BE2F8E-CDE6-48C8-BFE9-2F8D765BEE6D}.Debug|x64.ActiveCfg = Debug|Any CPU
		{26BE2F8E-CDE6-48C8-BFE9-2F8D765BEE6D}.Debug|x64.Build.0 = Debug|Any CPU
		{26BE2F8E-CDE6-48C8-BFE9-2F8D765BEE6D}.Debug|x86.ActiveCfg = Debug|Any CPU
		{26BE2F8E-CDE6-48C8-BFE9-2F8D765BEE6D}.Debug|x86.Build.0 = Debug|Any CPU
		{26BE2F8E-CDE6-48C8-BFE9-2F8D765BEE6D}.Release|Any CPU.ActiveCfg = Release|Any CPU
		{26BE2F8E-CDE6-48C8-BFE9-2F8D765BEE6D}.Release|Any CPU.Build.0 = Release|Any CPU
		{26BE2F8E-CDE6-48C8-BFE9-2F8D765BEE6D}.Release|ARM.ActiveCfg = Release|Any CPU
		{26BE2F8E-CDE6-48C8-BFE9-2F8D765BEE6D}.Release|ARM.Build.0 = Release|Any CPU
		{26BE2F8E-CDE6-48C8-BFE9-2F8D765BEE6D}.Release|iPhone.ActiveCfg = Release|Any CPU
		{26BE2F8E-CDE6-48C8-BFE9-2F8D765BEE6D}.Release|iPhone.Build.0 = Release|Any CPU
		{26BE2F8E-CDE6-48C8-BFE9-2F8D765BEE6D}.Release|iPhoneSimulator.ActiveCfg = Release|Any CPU
		{26BE2F8E-CDE6-48C8-BFE9-2F8D765BEE6D}.Release|iPhoneSimulator.Build.0 = Release|Any CPU
		{26BE2F8E-CDE6-48C8-BFE9-2F8D765BEE6D}.Release|x64.ActiveCfg = Release|Any CPU
		{26BE2F8E-CDE6-48C8-BFE9-2F8D765BEE6D}.Release|x64.Build.0 = Release|Any CPU
		{26BE2F8E-CDE6-48C8-BFE9-2F8D765BEE6D}.Release|x86.ActiveCfg = Release|Any CPU
		{26BE2F8E-CDE6-48C8-BFE9-2F8D765BEE6D}.Release|x86.Build.0 = Release|Any CPU
		{6FAFEE7D-E86A-4B46-8E4A-1DA2874935D8}.Ad-Hoc|Any CPU.ActiveCfg = Debug|Any CPU
		{6FAFEE7D-E86A-4B46-8E4A-1DA2874935D8}.Ad-Hoc|Any CPU.Build.0 = Debug|Any CPU
		{6FAFEE7D-E86A-4B46-8E4A-1DA2874935D8}.Ad-Hoc|ARM.ActiveCfg = Debug|Any CPU
		{6FAFEE7D-E86A-4B46-8E4A-1DA2874935D8}.Ad-Hoc|ARM.Build.0 = Debug|Any CPU
		{6FAFEE7D-E86A-4B46-8E4A-1DA2874935D8}.Ad-Hoc|iPhone.ActiveCfg = Debug|Any CPU
		{6FAFEE7D-E86A-4B46-8E4A-1DA2874935D8}.Ad-Hoc|iPhone.Build.0 = Debug|Any CPU
		{6FAFEE7D-E86A-4B46-8E4A-1DA2874935D8}.Ad-Hoc|iPhoneSimulator.ActiveCfg = Debug|Any CPU
		{6FAFEE7D-E86A-4B46-8E4A-1DA2874935D8}.Ad-Hoc|iPhoneSimulator.Build.0 = Debug|Any CPU
		{6FAFEE7D-E86A-4B46-8E4A-1DA2874935D8}.Ad-Hoc|x64.ActiveCfg = Debug|Any CPU
		{6FAFEE7D-E86A-4B46-8E4A-1DA2874935D8}.Ad-Hoc|x64.Build.0 = Debug|Any CPU
		{6FAFEE7D-E86A-4B46-8E4A-1DA2874935D8}.Ad-Hoc|x86.ActiveCfg = Debug|Any CPU
		{6FAFEE7D-E86A-4B46-8E4A-1DA2874935D8}.Ad-Hoc|x86.Build.0 = Debug|Any CPU
		{6FAFEE7D-E86A-4B46-8E4A-1DA2874935D8}.AppStore|Any CPU.ActiveCfg = Debug|Any CPU
		{6FAFEE7D-E86A-4B46-8E4A-1DA2874935D8}.AppStore|Any CPU.Build.0 = Debug|Any CPU
		{6FAFEE7D-E86A-4B46-8E4A-1DA2874935D8}.AppStore|ARM.ActiveCfg = Debug|Any CPU
		{6FAFEE7D-E86A-4B46-8E4A-1DA2874935D8}.AppStore|ARM.Build.0 = Debug|Any CPU
		{6FAFEE7D-E86A-4B46-8E4A-1DA2874935D8}.AppStore|iPhone.ActiveCfg = Debug|Any CPU
		{6FAFEE7D-E86A-4B46-8E4A-1DA2874935D8}.AppStore|iPhone.Build.0 = Debug|Any CPU
		{6FAFEE7D-E86A-4B46-8E4A-1DA2874935D8}.AppStore|iPhoneSimulator.ActiveCfg = Debug|Any CPU
		{6FAFEE7D-E86A-4B46-8E4A-1DA2874935D8}.AppStore|iPhoneSimulator.Build.0 = Debug|Any CPU
		{6FAFEE7D-E86A-4B46-8E4A-1DA2874935D8}.AppStore|x64.ActiveCfg = Debug|Any CPU
		{6FAFEE7D-E86A-4B46-8E4A-1DA2874935D8}.AppStore|x64.Build.0 = Debug|Any CPU
		{6FAFEE7D-E86A-4B46-8E4A-1DA2874935D8}.AppStore|x86.ActiveCfg = Debug|Any CPU
		{6FAFEE7D-E86A-4B46-8E4A-1DA2874935D8}.AppStore|x86.Build.0 = Debug|Any CPU
		{6FAFEE7D-E86A-4B46-8E4A-1DA2874935D8}.Debug|Any CPU.ActiveCfg = Debug|Any CPU
		{6FAFEE7D-E86A-4B46-8E4A-1DA2874935D8}.Debug|Any CPU.Build.0 = Debug|Any CPU
		{6FAFEE7D-E86A-4B46-8E4A-1DA2874935D8}.Debug|ARM.ActiveCfg = Debug|Any CPU
		{6FAFEE7D-E86A-4B46-8E4A-1DA2874935D8}.Debug|ARM.Build.0 = Debug|Any CPU
		{6FAFEE7D-E86A-4B46-8E4A-1DA2874935D8}.Debug|iPhone.ActiveCfg = Debug|Any CPU
		{6FAFEE7D-E86A-4B46-8E4A-1DA2874935D8}.Debug|iPhone.Build.0 = Debug|Any CPU
		{6FAFEE7D-E86A-4B46-8E4A-1DA2874935D8}.Debug|iPhoneSimulator.ActiveCfg = Debug|Any CPU
		{6FAFEE7D-E86A-4B46-8E4A-1DA2874935D8}.Debug|iPhoneSimulator.Build.0 = Debug|Any CPU
		{6FAFEE7D-E86A-4B46-8E4A-1DA2874935D8}.Debug|x64.ActiveCfg = Debug|Any CPU
		{6FAFEE7D-E86A-4B46-8E4A-1DA2874935D8}.Debug|x64.Build.0 = Debug|Any CPU
		{6FAFEE7D-E86A-4B46-8E4A-1DA2874935D8}.Debug|x86.ActiveCfg = Debug|Any CPU
		{6FAFEE7D-E86A-4B46-8E4A-1DA2874935D8}.Debug|x86.Build.0 = Debug|Any CPU
		{6FAFEE7D-E86A-4B46-8E4A-1DA2874935D8}.Release|Any CPU.ActiveCfg = Release|Any CPU
		{6FAFEE7D-E86A-4B46-8E4A-1DA2874935D8}.Release|Any CPU.Build.0 = Release|Any CPU
		{6FAFEE7D-E86A-4B46-8E4A-1DA2874935D8}.Release|ARM.ActiveCfg = Release|Any CPU
		{6FAFEE7D-E86A-4B46-8E4A-1DA2874935D8}.Release|ARM.Build.0 = Release|Any CPU
		{6FAFEE7D-E86A-4B46-8E4A-1DA2874935D8}.Release|iPhone.ActiveCfg = Release|Any CPU
		{6FAFEE7D-E86A-4B46-8E4A-1DA2874935D8}.Release|iPhone.Build.0 = Release|Any CPU
		{6FAFEE7D-E86A-4B46-8E4A-1DA2874935D8}.Release|iPhoneSimulator.ActiveCfg = Release|Any CPU
		{6FAFEE7D-E86A-4B46-8E4A-1DA2874935D8}.Release|iPhoneSimulator.Build.0 = Release|Any CPU
		{6FAFEE7D-E86A-4B46-8E4A-1DA2874935D8}.Release|x64.ActiveCfg = Release|Any CPU
		{6FAFEE7D-E86A-4B46-8E4A-1DA2874935D8}.Release|x64.Build.0 = Release|Any CPU
		{6FAFEE7D-E86A-4B46-8E4A-1DA2874935D8}.Release|x86.ActiveCfg = Release|Any CPU
		{6FAFEE7D-E86A-4B46-8E4A-1DA2874935D8}.Release|x86.Build.0 = Release|Any CPU
		{10D2CE83-C1F0-408C-9405-6015BFFBA077}.Ad-Hoc|Any CPU.ActiveCfg = Release|x86
		{10D2CE83-C1F0-408C-9405-6015BFFBA077}.Ad-Hoc|Any CPU.Build.0 = Release|x86
		{10D2CE83-C1F0-408C-9405-6015BFFBA077}.Ad-Hoc|Any CPU.Deploy.0 = Release|x86
		{10D2CE83-C1F0-408C-9405-6015BFFBA077}.Ad-Hoc|ARM.ActiveCfg = Release|ARM
		{10D2CE83-C1F0-408C-9405-6015BFFBA077}.Ad-Hoc|ARM.Build.0 = Release|ARM
		{10D2CE83-C1F0-408C-9405-6015BFFBA077}.Ad-Hoc|ARM.Deploy.0 = Release|ARM
		{10D2CE83-C1F0-408C-9405-6015BFFBA077}.Ad-Hoc|iPhone.ActiveCfg = Release|x86
		{10D2CE83-C1F0-408C-9405-6015BFFBA077}.Ad-Hoc|iPhone.Build.0 = Release|x86
		{10D2CE83-C1F0-408C-9405-6015BFFBA077}.Ad-Hoc|iPhone.Deploy.0 = Release|x86
		{10D2CE83-C1F0-408C-9405-6015BFFBA077}.Ad-Hoc|iPhoneSimulator.ActiveCfg = Release|x86
		{10D2CE83-C1F0-408C-9405-6015BFFBA077}.Ad-Hoc|iPhoneSimulator.Build.0 = Release|x86
		{10D2CE83-C1F0-408C-9405-6015BFFBA077}.Ad-Hoc|iPhoneSimulator.Deploy.0 = Release|x86
		{10D2CE83-C1F0-408C-9405-6015BFFBA077}.Ad-Hoc|x64.ActiveCfg = Release|x64
		{10D2CE83-C1F0-408C-9405-6015BFFBA077}.Ad-Hoc|x64.Build.0 = Release|x64
		{10D2CE83-C1F0-408C-9405-6015BFFBA077}.Ad-Hoc|x64.Deploy.0 = Release|x64
		{10D2CE83-C1F0-408C-9405-6015BFFBA077}.Ad-Hoc|x86.ActiveCfg = Release|x86
		{10D2CE83-C1F0-408C-9405-6015BFFBA077}.Ad-Hoc|x86.Build.0 = Release|x86
		{10D2CE83-C1F0-408C-9405-6015BFFBA077}.Ad-Hoc|x86.Deploy.0 = Release|x86
		{10D2CE83-C1F0-408C-9405-6015BFFBA077}.AppStore|Any CPU.ActiveCfg = Release|x86
		{10D2CE83-C1F0-408C-9405-6015BFFBA077}.AppStore|Any CPU.Build.0 = Release|x86
		{10D2CE83-C1F0-408C-9405-6015BFFBA077}.AppStore|Any CPU.Deploy.0 = Release|x86
		{10D2CE83-C1F0-408C-9405-6015BFFBA077}.AppStore|ARM.ActiveCfg = Release|ARM
		{10D2CE83-C1F0-408C-9405-6015BFFBA077}.AppStore|ARM.Build.0 = Release|ARM
		{10D2CE83-C1F0-408C-9405-6015BFFBA077}.AppStore|ARM.Deploy.0 = Release|ARM
		{10D2CE83-C1F0-408C-9405-6015BFFBA077}.AppStore|iPhone.ActiveCfg = Release|x86
		{10D2CE83-C1F0-408C-9405-6015BFFBA077}.AppStore|iPhone.Build.0 = Release|x86
		{10D2CE83-C1F0-408C-9405-6015BFFBA077}.AppStore|iPhone.Deploy.0 = Release|x86
		{10D2CE83-C1F0-408C-9405-6015BFFBA077}.AppStore|iPhoneSimulator.ActiveCfg = Release|x86
		{10D2CE83-C1F0-408C-9405-6015BFFBA077}.AppStore|iPhoneSimulator.Build.0 = Release|x86
		{10D2CE83-C1F0-408C-9405-6015BFFBA077}.AppStore|iPhoneSimulator.Deploy.0 = Release|x86
		{10D2CE83-C1F0-408C-9405-6015BFFBA077}.AppStore|x64.ActiveCfg = Release|x64
		{10D2CE83-C1F0-408C-9405-6015BFFBA077}.AppStore|x64.Build.0 = Release|x64
		{10D2CE83-C1F0-408C-9405-6015BFFBA077}.AppStore|x64.Deploy.0 = Release|x64
		{10D2CE83-C1F0-408C-9405-6015BFFBA077}.AppStore|x86.ActiveCfg = Release|x86
		{10D2CE83-C1F0-408C-9405-6015BFFBA077}.AppStore|x86.Build.0 = Release|x86
		{10D2CE83-C1F0-408C-9405-6015BFFBA077}.AppStore|x86.Deploy.0 = Release|x86
		{10D2CE83-C1F0-408C-9405-6015BFFBA077}.Debug|Any CPU.ActiveCfg = Debug|x86
		{10D2CE83-C1F0-408C-9405-6015BFFBA077}.Debug|ARM.ActiveCfg = Debug|ARM
		{10D2CE83-C1F0-408C-9405-6015BFFBA077}.Debug|ARM.Build.0 = Debug|ARM
		{10D2CE83-C1F0-408C-9405-6015BFFBA077}.Debug|ARM.Deploy.0 = Debug|ARM
		{10D2CE83-C1F0-408C-9405-6015BFFBA077}.Debug|iPhone.ActiveCfg = Debug|x86
		{10D2CE83-C1F0-408C-9405-6015BFFBA077}.Debug|iPhoneSimulator.ActiveCfg = Debug|x86
		{10D2CE83-C1F0-408C-9405-6015BFFBA077}.Debug|x64.ActiveCfg = Debug|x64
		{10D2CE83-C1F0-408C-9405-6015BFFBA077}.Debug|x64.Build.0 = Debug|x64
		{10D2CE83-C1F0-408C-9405-6015BFFBA077}.Debug|x64.Deploy.0 = Debug|x64
		{10D2CE83-C1F0-408C-9405-6015BFFBA077}.Debug|x86.ActiveCfg = Debug|x86
		{10D2CE83-C1F0-408C-9405-6015BFFBA077}.Debug|x86.Build.0 = Debug|x86
		{10D2CE83-C1F0-408C-9405-6015BFFBA077}.Debug|x86.Deploy.0 = Debug|x86
		{10D2CE83-C1F0-408C-9405-6015BFFBA077}.Release|Any CPU.ActiveCfg = Release|x86
		{10D2CE83-C1F0-408C-9405-6015BFFBA077}.Release|ARM.ActiveCfg = Release|ARM
		{10D2CE83-C1F0-408C-9405-6015BFFBA077}.Release|ARM.Build.0 = Release|ARM
		{10D2CE83-C1F0-408C-9405-6015BFFBA077}.Release|ARM.Deploy.0 = Release|ARM
		{10D2CE83-C1F0-408C-9405-6015BFFBA077}.Release|iPhone.ActiveCfg = Release|x86
		{10D2CE83-C1F0-408C-9405-6015BFFBA077}.Release|iPhoneSimulator.ActiveCfg = Release|x86
		{10D2CE83-C1F0-408C-9405-6015BFFBA077}.Release|x64.ActiveCfg = Release|x64
		{10D2CE83-C1F0-408C-9405-6015BFFBA077}.Release|x64.Build.0 = Release|x64
		{10D2CE83-C1F0-408C-9405-6015BFFBA077}.Release|x64.Deploy.0 = Release|x64
		{10D2CE83-C1F0-408C-9405-6015BFFBA077}.Release|x86.ActiveCfg = Release|x86
		{10D2CE83-C1F0-408C-9405-6015BFFBA077}.Release|x86.Build.0 = Release|x86
		{10D2CE83-C1F0-408C-9405-6015BFFBA077}.Release|x86.Deploy.0 = Release|x86
	EndGlobalSection
	GlobalSection(SolutionProperties) = preSolution
		HideSolutionNode = FALSE
	EndGlobalSection
	GlobalSection(ExtensibilityGlobals) = postSolution
		SolutionGuid = {B72FA43D-8088-4532-A294-C96B472E581D}
	EndGlobalSection
EndGlobal
